// !$*UTF8*$!
{
	archiveVersion = 1;
	classes = {
	};
	objectVersion = 46;
	objects = {

/* Begin PBXBuildFile section */
		5C11CCD01C70C36300CDDF97 /* loading_screen.png in Resources */ = {isa = PBXBuildFile; fileRef = 5C11CCCF1C70C36300CDDF97 /* loading_screen.png */; };
		5CA5E8451C71001B002D2FDE /* cellClass.swift in Sources */ = {isa = PBXBuildFile; fileRef = 5CA5E8441C71001B002D2FDE /* cellClass.swift */; };
		5CA5E8471C7100E3002D2FDE /* TableViewController.swift in Sources */ = {isa = PBXBuildFile; fileRef = 5CA5E8461C7100E3002D2FDE /* TableViewController.swift */; };
		5CA5E84B1C71042F002D2FDE /* img1.png in Resources */ = {isa = PBXBuildFile; fileRef = 5CA5E84A1C71042F002D2FDE /* img1.png */; };
		5CC782291C6F42C6008E000B /* AppDelegate.swift in Sources */ = {isa = PBXBuildFile; fileRef = 5CC782281C6F42C6008E000B /* AppDelegate.swift */; };
		5CC7822B1C6F42C6008E000B /* FirstViewController.swift in Sources */ = {isa = PBXBuildFile; fileRef = 5CC7822A1C6F42C6008E000B /* FirstViewController.swift */; };
		5CC7822D1C6F42C6008E000B /* SecondViewController.swift in Sources */ = {isa = PBXBuildFile; fileRef = 5CC7822C1C6F42C6008E000B /* SecondViewController.swift */; };
		5CC782301C6F42C6008E000B /* Main.storyboard in Resources */ = {isa = PBXBuildFile; fileRef = 5CC7822E1C6F42C6008E000B /* Main.storyboard */; };
		5CC782321C6F42C6008E000B /* Assets.xcassets in Resources */ = {isa = PBXBuildFile; fileRef = 5CC782311C6F42C6008E000B /* Assets.xcassets */; };
		5CC782351C6F42C6008E000B /* LaunchScreen.storyboard in Resources */ = {isa = PBXBuildFile; fileRef = 5CC782331C6F42C6008E000B /* LaunchScreen.storyboard */; };
		5CC782401C6F42C6008E000B /* FortyTwoMapsTests.swift in Sources */ = {isa = PBXBuildFile; fileRef = 5CC7823F1C6F42C6008E000B /* FortyTwoMapsTests.swift */; };
		5CC7824B1C6F42C6008E000B /* FortyTwoMapsUITests.swift in Sources */ = {isa = PBXBuildFile; fileRef = 5CC7824A1C6F42C6008E000B /* FortyTwoMapsUITests.swift */; };
		A686C70C1C711742001A837A /* locData.swift in Sources */ = {isa = PBXBuildFile; fileRef = A686C70B1C711742001A837A /* locData.swift */; };
		A686C7121C712B1A001A837A /* locCell.swift in Sources */ = {isa = PBXBuildFile; fileRef = A686C7111C712B1A001A837A /* locCell.swift */; };
		A686C7141C71310E001A837A /* img0.png in Resources */ = {isa = PBXBuildFile; fileRef = A686C7131C71310E001A837A /* img0.png */; };
		A686C7161C713537001A837A /* img2.png in Resources */ = {isa = PBXBuildFile; fileRef = A686C7151C713537001A837A /* img2.png */; };
		A686C7181C7137AF001A837A /* img3.png in Resources */ = {isa = PBXBuildFile; fileRef = A686C7171C7137AF001A837A /* img3.png */; };
		A686C71A1C713957001A837A /* rino.png in Resources */ = {isa = PBXBuildFile; fileRef = A686C7191C713957001A837A /* rino.png */; };
		A686C71C1C71399E001A837A /* coeur.png in Resources */ = {isa = PBXBuildFile; fileRef = A686C71B1C71399E001A837A /* coeur.png */; };
/* End PBXBuildFile section */

/* Begin PBXContainerItemProxy section */
		5CC7823C1C6F42C6008E000B /* PBXContainerItemProxy */ = {
			isa = PBXContainerItemProxy;
			containerPortal = 5CC7821D1C6F42C5008E000B /* Project object */;
			proxyType = 1;
			remoteGlobalIDString = 5CC782241C6F42C5008E000B;
			remoteInfo = FortyTwoMaps;
		};
		5CC782471C6F42C6008E000B /* PBXContainerItemProxy */ = {
			isa = PBXContainerItemProxy;
			containerPortal = 5CC7821D1C6F42C5008E000B /* Project object */;
			proxyType = 1;
			remoteGlobalIDString = 5CC782241C6F42C5008E000B;
			remoteInfo = FortyTwoMaps;
		};
/* End PBXContainerItemProxy section */

/* Begin PBXFileReference section */
		5C11CCCF1C70C36300CDDF97 /* loading_screen.png */ = {isa = PBXFileReference; lastKnownFileType = image.png; path = loading_screen.png; sourceTree = SOURCE_ROOT; };
		5CA5E8441C71001B002D2FDE /* cellClass.swift */ = {isa = PBXFileReference; fileEncoding = 4; lastKnownFileType = sourcecode.swift; path = cellClass.swift; sourceTree = "<group>"; };
		5CA5E8461C7100E3002D2FDE /* TableViewController.swift */ = {isa = PBXFileReference; fileEncoding = 4; lastKnownFileType = sourcecode.swift; path = TableViewController.swift; sourceTree = "<group>"; };
		5CA5E84A1C71042F002D2FDE /* img1.png */ = {isa = PBXFileReference; lastKnownFileType = image.png; name = img1.png; path = ../img1.png; sourceTree = "<group>"; };
		5CC782251C6F42C6008E000B /* FortyTwoMaps.app */ = {isa = PBXFileReference; explicitFileType = wrapper.application; includeInIndex = 0; path = FortyTwoMaps.app; sourceTree = BUILT_PRODUCTS_DIR; };
		5CC782281C6F42C6008E000B /* AppDelegate.swift */ = {isa = PBXFileReference; lastKnownFileType = sourcecode.swift; path = AppDelegate.swift; sourceTree = "<group>"; };
		5CC7822A1C6F42C6008E000B /* FirstViewController.swift */ = {isa = PBXFileReference; lastKnownFileType = sourcecode.swift; path = FirstViewController.swift; sourceTree = "<group>"; };
		5CC7822C1C6F42C6008E000B /* SecondViewController.swift */ = {isa = PBXFileReference; lastKnownFileType = sourcecode.swift; path = SecondViewController.swift; sourceTree = "<group>"; };
		5CC7822F1C6F42C6008E000B /* Base */ = {isa = PBXFileReference; lastKnownFileType = file.storyboard; name = Base; path = Base.lproj/Main.storyboard; sourceTree = "<group>"; };
		5CC782311C6F42C6008E000B /* Assets.xcassets */ = {isa = PBXFileReference; lastKnownFileType = folder.assetcatalog; path = Assets.xcassets; sourceTree = "<group>"; };
		5CC782341C6F42C6008E000B /* Base */ = {isa = PBXFileReference; lastKnownFileType = file.storyboard; name = Base; path = Base.lproj/LaunchScreen.storyboard; sourceTree = "<group>"; };
		5CC782361C6F42C6008E000B /* Info.plist */ = {isa = PBXFileReference; lastKnownFileType = text.plist.xml; path = Info.plist; sourceTree = "<group>"; };
		5CC7823B1C6F42C6008E000B /* FortyTwoMapsTests.xctest */ = {isa = PBXFileReference; explicitFileType = wrapper.cfbundle; includeInIndex = 0; path = FortyTwoMapsTests.xctest; sourceTree = BUILT_PRODUCTS_DIR; };
		5CC7823F1C6F42C6008E000B /* FortyTwoMapsTests.swift */ = {isa = PBXFileReference; lastKnownFileType = sourcecode.swift; path = FortyTwoMapsTests.swift; sourceTree = "<group>"; };
		5CC782411C6F42C6008E000B /* Info.plist */ = {isa = PBXFileReference; lastKnownFileType = text.plist.xml; path = Info.plist; sourceTree = "<group>"; };
		5CC782461C6F42C6008E000B /* FortyTwoMapsUITests.xctest */ = {isa = PBXFileReference; explicitFileType = wrapper.cfbundle; includeInIndex = 0; path = FortyTwoMapsUITests.xctest; sourceTree = BUILT_PRODUCTS_DIR; };
		5CC7824A1C6F42C6008E000B /* FortyTwoMapsUITests.swift */ = {isa = PBXFileReference; lastKnownFileType = sourcecode.swift; path = FortyTwoMapsUITests.swift; sourceTree = "<group>"; };
		5CC7824C1C6F42C6008E000B /* Info.plist */ = {isa = PBXFileReference; lastKnownFileType = text.plist.xml; path = Info.plist; sourceTree = "<group>"; };
		A686C70B1C711742001A837A /* locData.swift */ = {isa = PBXFileReference; fileEncoding = 4; lastKnownFileType = sourcecode.swift; path = locData.swift; sourceTree = "<group>"; };
		A686C7111C712B1A001A837A /* locCell.swift */ = {isa = PBXFileReference; fileEncoding = 4; lastKnownFileType = sourcecode.swift; path = locCell.swift; sourceTree = "<group>"; };
		A686C7131C71310E001A837A /* img0.png */ = {isa = PBXFileReference; lastKnownFileType = image.png; path = img0.png; sourceTree = SOURCE_ROOT; };
		A686C7151C713537001A837A /* img2.png */ = {isa = PBXFileReference; lastKnownFileType = image.png; path = img2.png; sourceTree = SOURCE_ROOT; };
		A686C7171C7137AF001A837A /* img3.png */ = {isa = PBXFileReference; lastKnownFileType = image.png; path = img3.png; sourceTree = SOURCE_ROOT; };
		A686C7191C713957001A837A /* rino.png */ = {isa = PBXFileReference; lastKnownFileType = image.png; path = rino.png; sourceTree = SOURCE_ROOT; };
		A686C71B1C71399E001A837A /* coeur.png */ = {isa = PBXFileReference; lastKnownFileType = image.png; path = coeur.png; sourceTree = SOURCE_ROOT; };
/* End PBXFileReference section */

/* Begin PBXFrameworksBuildPhase section */
		5CC782221C6F42C5008E000B /* Frameworks */ = {
			isa = PBXFrameworksBuildPhase;
			buildActionMask = 2147483647;
			files = (
			);
			runOnlyForDeploymentPostprocessing = 0;
		};
		5CC782381C6F42C6008E000B /* Frameworks */ = {
			isa = PBXFrameworksBuildPhase;
			buildActionMask = 2147483647;
			files = (
			);
			runOnlyForDeploymentPostprocessing = 0;
		};
		5CC782431C6F42C6008E000B /* Frameworks */ = {
			isa = PBXFrameworksBuildPhase;
			buildActionMask = 2147483647;
			files = (
			);
			runOnlyForDeploymentPostprocessing = 0;
		};
/* End PBXFrameworksBuildPhase section */

/* Begin PBXGroup section */
		5CC7821C1C6F42C5008E000B = {
			isa = PBXGroup;
			children = (
				5CC782271C6F42C6008E000B /* FortyTwoMaps */,
				5CC7823E1C6F42C6008E000B /* FortyTwoMapsTests */,
				5CC782491C6F42C6008E000B /* FortyTwoMapsUITests */,
				5CC782261C6F42C6008E000B /* Products */,
			);
			sourceTree = "<group>";
		};
		5CC782261C6F42C6008E000B /* Products */ = {
			isa = PBXGroup;
			children = (
				5CC782251C6F42C6008E000B /* FortyTwoMaps.app */,
				5CC7823B1C6F42C6008E000B /* FortyTwoMapsTests.xctest */,
				5CC782461C6F42C6008E000B /* FortyTwoMapsUITests.xctest */,
			);
			name = Products;
			sourceTree = "<group>";
		};
		5CC782271C6F42C6008E000B /* FortyTwoMaps */ = {
			isa = PBXGroup;
			children = (
				A686C7111C712B1A001A837A /* locCell.swift */,
				5CA5E84A1C71042F002D2FDE /* img1.png */,
				A686C7131C71310E001A837A /* img0.png */,
				5CA5E8461C7100E3002D2FDE /* TableViewController.swift */,
				A686C70B1C711742001A837A /* locData.swift */,
				A686C7171C7137AF001A837A /* img3.png */,
				A686C7151C713537001A837A /* img2.png */,
				5C11CCCF1C70C36300CDDF97 /* loading_screen.png */,
				5CC782281C6F42C6008E000B /* AppDelegate.swift */,
				5CC7822A1C6F42C6008E000B /* FirstViewController.swift */,
				5CC7822C1C6F42C6008E000B /* SecondViewController.swift */,
				5CC7822E1C6F42C6008E000B /* Main.storyboard */,
				A686C71B1C71399E001A837A /* coeur.png */,
				A686C7191C713957001A837A /* rino.png */,
				5CA5E8441C71001B002D2FDE /* cellClass.swift */,
				5CC782311C6F42C6008E000B /* Assets.xcassets */,
				5CC782331C6F42C6008E000B /* LaunchScreen.storyboard */,
				5CC782361C6F42C6008E000B /* Info.plist */,
			);
			path = FortyTwoMaps;
			sourceTree = "<group>";
		};
		5CC7823E1C6F42C6008E000B /* FortyTwoMapsTests */ = {
			isa = PBXGroup;
			children = (
				5CC7823F1C6F42C6008E000B /* FortyTwoMapsTests.swift */,
				5CC782411C6F42C6008E000B /* Info.plist */,
			);
			path = FortyTwoMapsTests;
			sourceTree = "<group>";
		};
		5CC782491C6F42C6008E000B /* FortyTwoMapsUITests */ = {
			isa = PBXGroup;
			children = (
				5CC7824A1C6F42C6008E000B /* FortyTwoMapsUITests.swift */,
				5CC7824C1C6F42C6008E000B /* Info.plist */,
			);
			path = FortyTwoMapsUITests;
			sourceTree = "<group>";
		};
/* End PBXGroup section */

/* Begin PBXNativeTarget section */
		5CC782241C6F42C5008E000B /* FortyTwoMaps */ = {
			isa = PBXNativeTarget;
			buildConfigurationList = 5CC7824F1C6F42C6008E000B /* Build configuration list for PBXNativeTarget "FortyTwoMaps" */;
			buildPhases = (
				5CC782211C6F42C5008E000B /* Sources */,
				5CC782221C6F42C5008E000B /* Frameworks */,
				5CC782231C6F42C5008E000B /* Resources */,
			);
			buildRules = (
			);
			dependencies = (
			);
			name = FortyTwoMaps;
			productName = FortyTwoMaps;
			productReference = 5CC782251C6F42C6008E000B /* FortyTwoMaps.app */;
			productType = "com.apple.product-type.application";
		};
		5CC7823A1C6F42C6008E000B /* FortyTwoMapsTests */ = {
			isa = PBXNativeTarget;
			buildConfigurationList = 5CC782521C6F42C6008E000B /* Build configuration list for PBXNativeTarget "FortyTwoMapsTests" */;
			buildPhases = (
				5CC782371C6F42C6008E000B /* Sources */,
				5CC782381C6F42C6008E000B /* Frameworks */,
				5CC782391C6F42C6008E000B /* Resources */,
			);
			buildRules = (
			);
			dependencies = (
				5CC7823D1C6F42C6008E000B /* PBXTargetDependency */,
			);
			name = FortyTwoMapsTests;
			productName = FortyTwoMapsTests;
			productReference = 5CC7823B1C6F42C6008E000B /* FortyTwoMapsTests.xctest */;
			productType = "com.apple.product-type.bundle.unit-test";
		};
		5CC782451C6F42C6008E000B /* FortyTwoMapsUITests */ = {
			isa = PBXNativeTarget;
			buildConfigurationList = 5CC782551C6F42C6008E000B /* Build configuration list for PBXNativeTarget "FortyTwoMapsUITests" */;
			buildPhases = (
				5CC782421C6F42C6008E000B /* Sources */,
				5CC782431C6F42C6008E000B /* Frameworks */,
				5CC782441C6F42C6008E000B /* Resources */,
			);
			buildRules = (
			);
			dependencies = (
				5CC782481C6F42C6008E000B /* PBXTargetDependency */,
			);
			name = FortyTwoMapsUITests;
			productName = FortyTwoMapsUITests;
			productReference = 5CC782461C6F42C6008E000B /* FortyTwoMapsUITests.xctest */;
			productType = "com.apple.product-type.bundle.ui-testing";
		};
/* End PBXNativeTarget section */

/* Begin PBXProject section */
		5CC7821D1C6F42C5008E000B /* Project object */ = {
			isa = PBXProject;
			attributes = {
				LastSwiftUpdateCheck = 0720;
				LastUpgradeCheck = 0720;
				ORGANIZATIONNAME = "Vincent BAUDIN";
				TargetAttributes = {
					5CC782241C6F42C5008E000B = {
						CreatedOnToolsVersion = 7.2;
					};
					5CC7823A1C6F42C6008E000B = {
						CreatedOnToolsVersion = 7.2;
						TestTargetID = 5CC782241C6F42C5008E000B;
					};
					5CC782451C6F42C6008E000B = {
						CreatedOnToolsVersion = 7.2;
						TestTargetID = 5CC782241C6F42C5008E000B;
					};
				};
			};
			buildConfigurationList = 5CC782201C6F42C5008E000B /* Build configuration list for PBXProject "FortyTwoMaps" */;
			compatibilityVersion = "Xcode 3.2";
			developmentRegion = English;
			hasScannedForEncodings = 0;
			knownRegions = (
				en,
				Base,
			);
			mainGroup = 5CC7821C1C6F42C5008E000B;
			productRefGroup = 5CC782261C6F42C6008E000B /* Products */;
			projectDirPath = "";
			projectRoot = "";
			targets = (
				5CC782241C6F42C5008E000B /* FortyTwoMaps */,
				5CC7823A1C6F42C6008E000B /* FortyTwoMapsTests */,
				5CC782451C6F42C6008E000B /* FortyTwoMapsUITests */,
			);
		};
/* End PBXProject section */

/* Begin PBXResourcesBuildPhase section */
		5CC782231C6F42C5008E000B /* Resources */ = {
			isa = PBXResourcesBuildPhase;
			buildActionMask = 2147483647;
			files = (
				5CC782351C6F42C6008E000B /* LaunchScreen.storyboard in Resources */,
				5CA5E84B1C71042F002D2FDE /* img1.png in Resources */,
				A686C71C1C71399E001A837A /* coeur.png in Resources */,
				A686C71A1C713957001A837A /* rino.png in Resources */,
				A686C7141C71310E001A837A /* img0.png in Resources */,
				A686C7181C7137AF001A837A /* img3.png in Resources */,
				5CC782321C6F42C6008E000B /* Assets.xcassets in Resources */,
				5C11CCD01C70C36300CDDF97 /* loading_screen.png in Resources */,
				5CC782301C6F42C6008E000B /* Main.storyboard in Resources */,
				A686C7161C713537001A837A /* img2.png in Resources */,
			);
			runOnlyForDeploymentPostprocessing = 0;
		};
		5CC782391C6F42C6008E000B /* Resources */ = {
			isa = PBXResourcesBuildPhase;
			buildActionMask = 2147483647;
			files = (
			);
			runOnlyForDeploymentPostprocessing = 0;
		};
		5CC782441C6F42C6008E000B /* Resources */ = {
			isa = PBXResourcesBuildPhase;
			buildActionMask = 2147483647;
			files = (
			);
			runOnlyForDeploymentPostprocessing = 0;
		};
/* End PBXResourcesBuildPhase section */

/* Begin PBXSourcesBuildPhase section */
		5CC782211C6F42C5008E000B /* Sources */ = {
			isa = PBXSourcesBuildPhase;
			buildActionMask = 2147483647;
			files = (
				5CA5E8471C7100E3002D2FDE /* TableViewController.swift in Sources */,
				5CC7822D1C6F42C6008E000B /* SecondViewController.swift in Sources */,
				A686C70C1C711742001A837A /* locData.swift in Sources */,
				5CC782291C6F42C6008E000B /* AppDelegate.swift in Sources */,
				5CC7822B1C6F42C6008E000B /* FirstViewController.swift in Sources */,
				5CA5E8451C71001B002D2FDE /* cellClass.swift in Sources */,
				A686C7121C712B1A001A837A /* locCell.swift in Sources */,
			);
			runOnlyForDeploymentPostprocessing = 0;
		};
		5CC782371C6F42C6008E000B /* Sources */ = {
			isa = PBXSourcesBuildPhase;
			buildActionMask = 2147483647;
			files = (
				5CC782401C6F42C6008E000B /* FortyTwoMapsTests.swift in Sources */,
			);
			runOnlyForDeploymentPostprocessing = 0;
		};
		5CC782421C6F42C6008E000B /* Sources */ = {
			isa = PBXSourcesBuildPhase;
			buildActionMask = 2147483647;
			files = (
				5CC7824B1C6F42C6008E000B /* FortyTwoMapsUITests.swift in Sources */,
			);
			runOnlyForDeploymentPostprocessing = 0;
		};
/* End PBXSourcesBuildPhase section */

/* Begin PBXTargetDependency section */
		5CC7823D1C6F42C6008E000B /* PBXTargetDependency */ = {
			isa = PBXTargetDependency;
			target = 5CC782241C6F42C5008E000B /* FortyTwoMaps */;
			targetProxy = 5CC7823C1C6F42C6008E000B /* PBXContainerItemProxy */;
		};
		5CC782481C6F42C6008E000B /* PBXTargetDependency */ = {
			isa = PBXTargetDependency;
			target = 5CC782241C6F42C5008E000B /* FortyTwoMaps */;
			targetProxy = 5CC782471C6F42C6008E000B /* PBXContainerItemProxy */;
		};
/* End PBXTargetDependency section */

/* Begin PBXVariantGroup section */
		5CC7822E1C6F42C6008E000B /* Main.storyboard */ = {
			isa = PBXVariantGroup;
			children = (
				5CC7822F1C6F42C6008E000B /* Base */,
			);
			name = Main.storyboard;
			sourceTree = "<group>";
		};
		5CC782331C6F42C6008E000B /* LaunchScreen.storyboard */ = {
			isa = PBXVariantGroup;
			children = (
				5CC782341C6F42C6008E000B /* Base */,
			);
			name = LaunchScreen.storyboard;
			sourceTree = "<group>";
		};
/* End PBXVariantGroup section */

/* Begin XCBuildConfiguration section */
		5CC7824D1C6F42C6008E000B /* Debug */ = {
			isa = XCBuildConfiguration;
			buildSettings = {
				ALWAYS_SEARCH_USER_PATHS = NO;
				CLANG_CXX_LANGUAGE_STANDARD = "gnu++0x";
				CLANG_CXX_LIBRARY = "libc++";
				CLANG_ENABLE_MODULES = YES;
				CLANG_ENABLE_OBJC_ARC = YES;
				CLANG_WARN_BOOL_CONVERSION = YES;
				CLANG_WARN_CONSTANT_CONVERSION = YES;
				CLANG_WARN_DIRECT_OBJC_ISA_USAGE = YES_ERROR;
				CLANG_WARN_EMPTY_BODY = YES;
				CLANG_WARN_ENUM_CONVERSION = YES;
				CLANG_WARN_INT_CONVERSION = YES;
				CLANG_WARN_OBJC_ROOT_CLASS = YES_ERROR;
				CLANG_WARN_UNREACHABLE_CODE = YES;
				CLANG_WARN__DUPLICATE_METHOD_MATCH = YES;
				"CODE_SIGN_IDENTITY[sdk=iphoneos*]" = "iPhone Developer";
				COPY_PHASE_STRIP = NO;
				DEBUG_INFORMATION_FORMAT = dwarf;
				ENABLE_STRICT_OBJC_MSGSEND = YES;
				ENABLE_TESTABILITY = YES;
				GCC_C_LANGUAGE_STANDARD = gnu99;
				GCC_DYNAMIC_NO_PIC = NO;
				GCC_NO_COMMON_BLOCKS = YES;
				GCC_OPTIMIZATION_LEVEL = 0;
				GCC_PREPROCESSOR_DEFINITIONS = (
					"DEBUG=1",
					"$(inherited)",
				);
				GCC_WARN_64_TO_32_BIT_CONVERSION = YES;
				GCC_WARN_ABOUT_RETURN_TYPE = YES_ERROR;
				GCC_WARN_UNDECLARED_SELECTOR = YES;
				GCC_WARN_UNINITIALIZED_AUTOS = YES_AGGRESSIVE;
				GCC_WARN_UNUSED_FUNCTION = YES;
				GCC_WARN_UNUSED_VARIABLE = YES;
				IPHONEOS_DEPLOYMENT_TARGET = 9.2;
				MTL_ENABLE_DEBUG_INFO = YES;
				ONLY_ACTIVE_ARCH = YES;
				SDKROOT = iphoneos;
				SWIFT_OPTIMIZATION_LEVEL = "-Onone";
			};
			name = Debug;
		};
		5CC7824E1C6F42C6008E000B /* Release */ = {
			isa = XCBuildConfiguration;
			buildSettings = {
				ALWAYS_SEARCH_USER_PATHS = NO;
				CLANG_CXX_LANGUAGE_STANDARD = "gnu++0x";
				CLANG_CXX_LIBRARY = "libc++";
				CLANG_ENABLE_MODULES = YES;
				CLANG_ENABLE_OBJC_ARC = YES;
				CLANG_WARN_BOOL_CONVERSION = YES;
				CLANG_WARN_CONSTANT_CONVERSION = YES;
				CLANG_WARN_DIRECT_OBJC_ISA_USAGE = YES_ERROR;
				CLANG_WARN_EMPTY_BODY = YES;
				CLANG_WARN_ENUM_CONVERSION = YES;
				CLANG_WARN_INT_CONVERSION = YES;
				CLANG_WARN_OBJC_ROOT_CLASS = YES_ERROR;
				CLANG_WARN_UNREACHABLE_CODE = YES;
				CLANG_WARN__DUPLICATE_METHOD_MATCH = YES;
				"CODE_SIGN_IDENTITY[sdk=iphoneos*]" = "iPhone Developer";
				COPY_PHASE_STRIP = NO;
				DEBUG_INFORMATION_FORMAT = "dwarf-with-dsym";
				ENABLE_NS_ASSERTIONS = NO;
				ENABLE_STRICT_OBJC_MSGSEND = YES;
				GCC_C_LANGUAGE_STANDARD = gnu99;
				GCC_NO_COMMON_BLOCKS = YES;
				GCC_WARN_64_TO_32_BIT_CONVERSION = YES;
				GCC_WARN_ABOUT_RETURN_TYPE = YES_ERROR;
				GCC_WARN_UNDECLARED_SELECTOR = YES;
				GCC_WARN_UNINITIALIZED_AUTOS = YES_AGGRESSIVE;
				GCC_WARN_UNUSED_FUNCTION = YES;
				GCC_WARN_UNUSED_VARIABLE = YES;
				IPHONEOS_DEPLOYMENT_TARGET = 9.2;
				MTL_ENABLE_DEBUG_INFO = NO;
				SDKROOT = iphoneos;
				VALIDATE_PRODUCT = YES;
			};
			name = Release;
		};
		5CC782501C6F42C6008E000B /* Debug */ = {
			isa = XCBuildConfiguration;
			buildSettings = {
				ASSETCATALOG_COMPILER_APPICON_NAME = AppIcon;
				INFOPLIST_FILE = FortyTwoMaps/Info.plist;
				LD_RUNPATH_SEARCH_PATHS = "$(inherited) @executable_path/Frameworks";
				PRODUCT_BUNDLE_IDENTIFIER = rush.app.FortyTwoMaps;
				PRODUCT_NAME = "$(TARGET_NAME)";
			};
			name = Debug;
		};
		5CC782511C6F42C6008E000B /* Release */ = {
			isa = XCBuildConfiguration;
			buildSettings = {
				ASSETCATALOG_COMPILER_APPICON_NAME = AppIcon;
				INFOPLIST_FILE = FortyTwoMaps/Info.plist;
				LD_RUNPATH_SEARCH_PATHS = "$(inherited) @executable_path/Frameworks";
				PRODUCT_BUNDLE_IDENTIFIER = rush.app.FortyTwoMaps;
				PRODUCT_NAME = "$(TARGET_NAME)";
			};
			name = Release;
		};
		5CC782531C6F42C6008E000B /* Debug */ = {
			isa = XCBuildConfiguration;
			buildSettings = {
				BUNDLE_LOADER = "$(TEST_HOST)";
				INFOPLIST_FILE = FortyTwoMapsTests/Info.plist;
				LD_RUNPATH_SEARCH_PATHS = "$(inherited) @executable_path/Frameworks @loader_path/Frameworks";
				PRODUCT_BUNDLE_IDENTIFIER = rush.app.FortyTwoMapsTests;
				PRODUCT_NAME = "$(TARGET_NAME)";
				TEST_HOST = "$(BUILT_PRODUCTS_DIR)/FortyTwoMaps.app/FortyTwoMaps";
			};
			name = Debug;
		};
		5CC782541C6F42C6008E000B /* Release */ = {
			isa = XCBuildConfiguration;
			buildSettings = {
				BUNDLE_LOADER = "$(TEST_HOST)";
				INFOPLIST_FILE = FortyTwoMapsTests/Info.plist;
				LD_RUNPATH_SEARCH_PATHS = "$(inherited) @executable_path/Frameworks @loader_path/Frameworks";
				PRODUCT_BUNDLE_IDENTIFIER = rush.app.FortyTwoMapsTests;
				PRODUCT_NAME = "$(TARGET_NAME)";
				TEST_HOST = "$(BUILT_PRODUCTS_DIR)/FortyTwoMaps.app/FortyTwoMaps";
			};
			name = Release;
		};
		5CC782561C6F42C6008E000B /* Debug */ = {
			isa = XCBuildConfiguration;
			buildSettings = {
				INFOPLIST_FILE = FortyTwoMapsUITests/Info.plist;
				LD_RUNPATH_SEARCH_PATHS = "$(inherited) @executable_path/Frameworks @loader_path/Frameworks";
				PRODUCT_BUNDLE_IDENTIFIER = rush.app.FortyTwoMapsUITests;
				PRODUCT_NAME = "$(TARGET_NAME)";
				TEST_TARGET_NAME = FortyTwoMaps;
				USES_XCTRUNNER = YES;
			};
			name = Debug;
		};
		5CC782571C6F42C6008E000B /* Release */ = {
			isa = XCBuildConfiguration;
			buildSettings = {
				INFOPLIST_FILE = FortyTwoMapsUITests/Info.plist;
				LD_RUNPATH_SEARCH_PATHS = "$(inherited) @executable_path/Frameworks @loader_path/Frameworks";
				PRODUCT_BUNDLE_IDENTIFIER = rush.app.FortyTwoMapsUITests;
				PRODUCT_NAME = "$(TARGET_NAME)";
				TEST_TARGET_NAME = FortyTwoMaps;
				USES_XCTRUNNER = YES;
			};
			name = Release;
		};
/* End XCBuildConfiguration section */

/* Begin XCConfigurationList section */
		5CC782201C6F42C5008E000B /* Build configuration list for PBXProject "FortyTwoMaps" */ = {
			isa = XCConfigurationList;
			buildConfigurations = (
				5CC7824D1C6F42C6008E000B /* Debug */,
				5CC7824E1C6F42C6008E000B /* Release */,
			);
			defaultConfigurationIsVisible = 0;
			defaultConfigurationName = Release;
		};
		5CC7824F1C6F42C6008E000B /* Build configuration list for PBXNativeTarget "FortyTwoMaps" */ = {
			isa = XCConfigurationList;
			buildConfigurations = (
				5CC782501C6F42C6008E000B /* Debug */,
				5CC782511C6F42C6008E000B /* Release */,
			);
			defaultConfigurationIsVisible = 0;
			defaultConfigurationName = Release;
		};
		5CC782521C6F42C6008E000B /* Build configuration list for PBXNativeTarget "FortyTwoMapsTests" */ = {
			isa = XCConfigurationList;
			buildConfigurations = (
				5CC782531C6F42C6008E000B /* Debug */,
				5CC782541C6F42C6008E000B /* Release */,
			);
			defaultConfigurationIsVisible = 0;
			defaultConfigurationName = Release;
		};
		5CC782551C6F42C6008E000B /* Build configuration list for PBXNativeTarget "FortyTwoMapsUITests" */ = {
			isa = XCConfigurationList;
			buildConfigurations = (
				5CC782561C6F42C6008E000B /* Debug */,
				5CC782571C6F42C6008E000B /* Release */,
			);
			defaultConfigurationIsVisible = 0;
			defaultConfigurationName = Release;
		};
/* End XCConfigurationList section */
	};
	rootObject = 5CC7821D1C6F42C5008E000B /* Project object */;
}
